
Microsoft Visual Studio Solution File, Format Version 12.00
# Visual Studio 14
VisualStudioVersion = 14.0.24720.0
MinimumVisualStudioVersion = 10.0.40219.1
Project("{FAE04EC0-301F-11D3-BF4B-00C04F79EFBC}") = "ExtLib", "ExtLib\ExtLib.csproj", "{23980A5F-0004-407D-9EBC-A8B6069A9342}"
EndProject
Global
	GlobalSection(SolutionConfigurationPlatforms) = preSolution
		Debug|Any CPU = Debug|Any CPU
		Release|Any CPU = Release|Any CPU
	EndGlobalSection
	GlobalSection(ProjectConfigurationPlatforms) = postSolution
		{23980A5F-0004-407D-9EBC-A8B6069A9342}.Debug|Any CPU.ActiveCfg = Debug|Any CPU
		{23980A5F-0004-407D-9EBC-A8B6069A9342}.Debug|Any CPU.Build.0 = Debug|Any CPU
		{23980A5F-0004-407D-9EBC-A8B6069A9342}.Release|Any CPU.ActiveCfg = Release|Any CPU
		{23980A5F-0004-407D-9EBC-A8B6069A9342}.Release|Any CPU.Build.0 = Release|Any CPU
	EndGlobalSection
	GlobalSection(SolutionProperties) = preSolution
		HideSolutionNode = FALSE
	EndGlobalSection
EndGlobal
